// !$*UTF8*$!
{
	archiveVersion = 1;
	classes = {
	};
	objectVersion = 50;
	objects = {

/* Begin PBXBuildFile section */
		2C7CAF3B23544ABC6DF15B2B /* Pods_DrinkWater.framework in Frameworks */ = {isa = PBXBuildFile; fileRef = 34D562187EA03BFA81070C8B /* Pods_DrinkWater.framework */; };
		3A164F9A21BBC067007118A8 /* AppDelegate.swift in Sources */ = {isa = PBXBuildFile; fileRef = 3A164F9921BBC067007118A8 /* AppDelegate.swift */; };
		3A164F9C21BBC067007118A8 /* ViewController.swift in Sources */ = {isa = PBXBuildFile; fileRef = 3A164F9B21BBC067007118A8 /* ViewController.swift */; };
		3A164F9F21BBC067007118A8 /* Main.storyboard in Resources */ = {isa = PBXBuildFile; fileRef = 3A164F9D21BBC067007118A8 /* Main.storyboard */; };
		3A164FA121BBC067007118A8 /* Assets.xcassets in Resources */ = {isa = PBXBuildFile; fileRef = 3A164FA021BBC067007118A8 /* Assets.xcassets */; };
		3A164FA421BBC067007118A8 /* LaunchScreen.storyboard in Resources */ = {isa = PBXBuildFile; fileRef = 3A164FA221BBC067007118A8 /* LaunchScreen.storyboard */; };
		3A164FAF21BBC067007118A8 /* DrinkWaterTests.swift in Sources */ = {isa = PBXBuildFile; fileRef = 3A164FAE21BBC067007118A8 /* DrinkWaterTests.swift */; };
		3A164FBA21BBC067007118A8 /* DrinkWaterUITests.swift in Sources */ = {isa = PBXBuildFile; fileRef = 3A164FB921BBC067007118A8 /* DrinkWaterUITests.swift */; };
		3A164FC821BBC941007118A8 /* WaterCourseViewController.swift in Sources */ = {isa = PBXBuildFile; fileRef = 3A164FC721BBC941007118A8 /* WaterCourseViewController.swift */; };
		3A164FCA21BBC97D007118A8 /* DrinkRemindViewController.swift in Sources */ = {isa = PBXBuildFile; fileRef = 3A164FC921BBC97D007118A8 /* DrinkRemindViewController.swift */; };
		3A164FCC21BBC9A9007118A8 /* SearchDrinkViewController.swift in Sources */ = {isa = PBXBuildFile; fileRef = 3A164FCB21BBC9A9007118A8 /* SearchDrinkViewController.swift */; };
		3A164FCE21BBD119007118A8 /* DemoNotificationDelegate.swift in Sources */ = {isa = PBXBuildFile; fileRef = 3A164FCD21BBD119007118A8 /* DemoNotificationDelegate.swift */; };
		3A790E7D21C7DF2F00D5C9AB /* CalendarViewController.swift in Sources */ = {isa = PBXBuildFile; fileRef = 3A790E7C21C7DF2F00D5C9AB /* CalendarViewController.swift */; };
		3AAA5B7221BC2CF800194507 /* change.swift in Sources */ = {isa = PBXBuildFile; fileRef = 3AAA5B7121BC2CF800194507 /* change.swift */; };
		3AAA5B7421BCC22D00194507 /* DrinkModel.swift in Sources */ = {isa = PBXBuildFile; fileRef = 3AAA5B7321BCC22D00194507 /* DrinkModel.swift */; };
		3AAA5B7B21BCD6AD00194507 /* CoreDataHelper.swift in Sources */ = {isa = PBXBuildFile; fileRef = 3AAA5B7A21BCD6AD00194507 /* CoreDataHelper.swift */; };
		3AAA5B7E21BCD73900194507 /* WaterModel.xcdatamodeld in Sources */ = {isa = PBXBuildFile; fileRef = 3AAA5B7C21BCD73800194507 /* WaterModel.xcdatamodeld */; };
		3AAA5B8021BCD83E00194507 /* SetTimeViewController.swift in Sources */ = {isa = PBXBuildFile; fileRef = 3AAA5B7F21BCD83E00194507 /* SetTimeViewController.swift */; };
		3AAA5B8221BCDD0700194507 /* RemindCell.swift in Sources */ = {isa = PBXBuildFile; fileRef = 3AAA5B8121BCDD0700194507 /* RemindCell.swift */; };
		3ABB8B3821BF973900534AF2 /* EGImageAnnotionView.swift in Sources */ = {isa = PBXBuildFile; fileRef = 3ABB8B3721BF973900534AF2 /* EGImageAnnotionView.swift */; };
		68E583B8C0117165077D87EB /* Pods_DrinkWaterTests.framework in Frameworks */ = {isa = PBXBuildFile; fileRef = 422826ADF694A8A60CE8BA90 /* Pods_DrinkWaterTests.framework */; };
		C1CB52CE662455D7C3AE6998 /* Pods_DrinkWaterUITests.framework in Frameworks */ = {isa = PBXBuildFile; fileRef = AE05164C4A4E19588BB67B46 /* Pods_DrinkWaterUITests.framework */; };
/* End PBXBuildFile section */

/* Begin PBXContainerItemProxy section */
		3A164FAB21BBC067007118A8 /* PBXContainerItemProxy */ = {
			isa = PBXContainerItemProxy;
			containerPortal = 3A164F8E21BBC067007118A8 /* Project object */;
			proxyType = 1;
			remoteGlobalIDString = 3A164F9521BBC067007118A8;
			remoteInfo = DrinkWater;
		};
		3A164FB621BBC067007118A8 /* PBXContainerItemProxy */ = {
			isa = PBXContainerItemProxy;
			containerPortal = 3A164F8E21BBC067007118A8 /* Project object */;
			proxyType = 1;
			remoteGlobalIDString = 3A164F9521BBC067007118A8;
			remoteInfo = DrinkWater;
		};
/* End PBXContainerItemProxy section */

/* Begin PBXCopyFilesBuildPhase section */
		3AAA5BDE21BD612900194507 /* Embed App Extensions */ = {
			isa = PBXCopyFilesBuildPhase;
			buildActionMask = 2147483647;
			dstPath = "";
			dstSubfolderSpec = 13;
			files = (
			);
			name = "Embed App Extensions";
			runOnlyForDeploymentPostprocessing = 0;
		};
/* End PBXCopyFilesBuildPhase section */

/* Begin PBXFileReference section */
		34D562187EA03BFA81070C8B /* Pods_DrinkWater.framework */ = {isa = PBXFileReference; explicitFileType = wrapper.framework; includeInIndex = 0; path = Pods_DrinkWater.framework; sourceTree = BUILT_PRODUCTS_DIR; };
		3A164F9621BBC067007118A8 /* DrinkWater.app */ = {isa = PBXFileReference; explicitFileType = wrapper.application; includeInIndex = 0; path = DrinkWater.app; sourceTree = BUILT_PRODUCTS_DIR; };
		3A164F9921BBC067007118A8 /* AppDelegate.swift */ = {isa = PBXFileReference; lastKnownFileType = sourcecode.swift; path = AppDelegate.swift; sourceTree = "<group>"; };
		3A164F9B21BBC067007118A8 /* ViewController.swift */ = {isa = PBXFileReference; lastKnownFileType = sourcecode.swift; path = ViewController.swift; sourceTree = "<group>"; };
		3A164F9E21BBC067007118A8 /* Base */ = {isa = PBXFileReference; lastKnownFileType = file.storyboard; name = Base; path = Base.lproj/Main.storyboard; sourceTree = "<group>"; };
		3A164FA021BBC067007118A8 /* Assets.xcassets */ = {isa = PBXFileReference; lastKnownFileType = folder.assetcatalog; path = Assets.xcassets; sourceTree = "<group>"; };
		3A164FA321BBC067007118A8 /* Base */ = {isa = PBXFileReference; lastKnownFileType = file.storyboard; name = Base; path = Base.lproj/LaunchScreen.storyboard; sourceTree = "<group>"; };
		3A164FA521BBC067007118A8 /* Info.plist */ = {isa = PBXFileReference; lastKnownFileType = text.plist.xml; path = Info.plist; sourceTree = "<group>"; };
		3A164FAA21BBC067007118A8 /* DrinkWaterTests.xctest */ = {isa = PBXFileReference; explicitFileType = wrapper.cfbundle; includeInIndex = 0; path = DrinkWaterTests.xctest; sourceTree = BUILT_PRODUCTS_DIR; };
		3A164FAE21BBC067007118A8 /* DrinkWaterTests.swift */ = {isa = PBXFileReference; lastKnownFileType = sourcecode.swift; path = DrinkWaterTests.swift; sourceTree = "<group>"; };
		3A164FB021BBC067007118A8 /* Info.plist */ = {isa = PBXFileReference; lastKnownFileType = text.plist.xml; path = Info.plist; sourceTree = "<group>"; };
		3A164FB521BBC067007118A8 /* DrinkWaterUITests.xctest */ = {isa = PBXFileReference; explicitFileType = wrapper.cfbundle; includeInIndex = 0; path = DrinkWaterUITests.xctest; sourceTree = BUILT_PRODUCTS_DIR; };
		3A164FB921BBC067007118A8 /* DrinkWaterUITests.swift */ = {isa = PBXFileReference; lastKnownFileType = sourcecode.swift; path = DrinkWaterUITests.swift; sourceTree = "<group>"; };
		3A164FBB21BBC067007118A8 /* Info.plist */ = {isa = PBXFileReference; lastKnownFileType = text.plist.xml; path = Info.plist; sourceTree = "<group>"; };
		3A164FC721BBC941007118A8 /* WaterCourseViewController.swift */ = {isa = PBXFileReference; lastKnownFileType = sourcecode.swift; path = WaterCourseViewController.swift; sourceTree = "<group>"; };
		3A164FC921BBC97D007118A8 /* DrinkRemindViewController.swift */ = {isa = PBXFileReference; lastKnownFileType = sourcecode.swift; path = DrinkRemindViewController.swift; sourceTree = "<group>"; };
		3A164FCB21BBC9A9007118A8 /* SearchDrinkViewController.swift */ = {isa = PBXFileReference; lastKnownFileType = sourcecode.swift; path = SearchDrinkViewController.swift; sourceTree = "<group>"; };
		3A164FCD21BBD119007118A8 /* DemoNotificationDelegate.swift */ = {isa = PBXFileReference; fileEncoding = 4; lastKnownFileType = sourcecode.swift; path = DemoNotificationDelegate.swift; sourceTree = "<group>"; };
		3A790E7C21C7DF2F00D5C9AB /* CalendarViewController.swift */ = {isa = PBXFileReference; lastKnownFileType = sourcecode.swift; path = CalendarViewController.swift; sourceTree = "<group>"; };
		3AAA5B7121BC2CF800194507 /* change.swift */ = {isa = PBXFileReference; lastKnownFileType = sourcecode.swift; path = change.swift; sourceTree = "<group>"; };
		3AAA5B7321BCC22D00194507 /* DrinkModel.swift */ = {isa = PBXFileReference; lastKnownFileType = sourcecode.swift; path = DrinkModel.swift; sourceTree = "<group>"; };
		3AAA5B7A21BCD6AD00194507 /* CoreDataHelper.swift */ = {isa = PBXFileReference; fileEncoding = 4; lastKnownFileType = sourcecode.swift; path = CoreDataHelper.swift; sourceTree = "<group>"; };
		3AAA5B7D21BCD73800194507 /* WaterModel.xcdatamodel */ = {isa = PBXFileReference; lastKnownFileType = wrapper.xcdatamodel; path = WaterModel.xcdatamodel; sourceTree = "<group>"; };
		3AAA5B7F21BCD83E00194507 /* SetTimeViewController.swift */ = {isa = PBXFileReference; lastKnownFileType = sourcecode.swift; path = SetTimeViewController.swift; sourceTree = "<group>"; };
		3AAA5B8121BCDD0700194507 /* RemindCell.swift */ = {isa = PBXFileReference; lastKnownFileType = sourcecode.swift; path = RemindCell.swift; sourceTree = "<group>"; };
		3AAA5BCD21BD612900194507 /* UserNotifications.framework */ = {isa = PBXFileReference; lastKnownFileType = wrapper.framework; name = UserNotifications.framework; path = System/Library/Frameworks/UserNotifications.framework; sourceTree = SDKROOT; };
		3AAA5BCF21BD612900194507 /* UserNotificationsUI.framework */ = {isa = PBXFileReference; lastKnownFileType = wrapper.framework; name = UserNotificationsUI.framework; path = System/Library/Frameworks/UserNotificationsUI.framework; sourceTree = SDKROOT; };
		3ABB8B3721BF973900534AF2 /* EGImageAnnotionView.swift */ = {isa = PBXFileReference; fileEncoding = 4; lastKnownFileType = sourcecode.swift; path = EGImageAnnotionView.swift; sourceTree = "<group>"; };
		3F8F2FEE48A97FD96A9A1944 /* Pods-DrinkWaterUITests.debug.xcconfig */ = {isa = PBXFileReference; includeInIndex = 1; lastKnownFileType = text.xcconfig; name = "Pods-DrinkWaterUITests.debug.xcconfig"; path = "Pods/Target Support Files/Pods-DrinkWaterUITests/Pods-DrinkWaterUITests.debug.xcconfig"; sourceTree = "<group>"; };
		422826ADF694A8A60CE8BA90 /* Pods_DrinkWaterTests.framework */ = {isa = PBXFileReference; explicitFileType = wrapper.framework; includeInIndex = 0; path = Pods_DrinkWaterTests.framework; sourceTree = BUILT_PRODUCTS_DIR; };
		5D485DC30B61CEAC6E239BCD /* Pods-DrinkWaterUITests.release.xcconfig */ = {isa = PBXFileReference; includeInIndex = 1; lastKnownFileType = text.xcconfig; name = "Pods-DrinkWaterUITests.release.xcconfig"; path = "Pods/Target Support Files/Pods-DrinkWaterUITests/Pods-DrinkWaterUITests.release.xcconfig"; sourceTree = "<group>"; };
		68A6774AA96D653C1F72A7FB /* Pods-DrinkWaterTests.release.xcconfig */ = {isa = PBXFileReference; includeInIndex = 1; lastKnownFileType = text.xcconfig; name = "Pods-DrinkWaterTests.release.xcconfig"; path = "Pods/Target Support Files/Pods-DrinkWaterTests/Pods-DrinkWaterTests.release.xcconfig"; sourceTree = "<group>"; };
		832B011839920862A5F61A69 /* Pods-DrinkWater.debug.xcconfig */ = {isa = PBXFileReference; includeInIndex = 1; lastKnownFileType = text.xcconfig; name = "Pods-DrinkWater.debug.xcconfig"; path = "Pods/Target Support Files/Pods-DrinkWater/Pods-DrinkWater.debug.xcconfig"; sourceTree = "<group>"; };
		8EAFAD894416BBEE3BDAE46C /* Pods-DrinkWater.release.xcconfig */ = {isa = PBXFileReference; includeInIndex = 1; lastKnownFileType = text.xcconfig; name = "Pods-DrinkWater.release.xcconfig"; path = "Pods/Target Support Files/Pods-DrinkWater/Pods-DrinkWater.release.xcconfig"; sourceTree = "<group>"; };
		AE05164C4A4E19588BB67B46 /* Pods_DrinkWaterUITests.framework */ = {isa = PBXFileReference; explicitFileType = wrapper.framework; includeInIndex = 0; path = Pods_DrinkWaterUITests.framework; sourceTree = BUILT_PRODUCTS_DIR; };
		FE723D4C0A4530C4C8A8E8B1 /* Pods-DrinkWaterTests.debug.xcconfig */ = {isa = PBXFileReference; includeInIndex = 1; lastKnownFileType = text.xcconfig; name = "Pods-DrinkWaterTests.debug.xcconfig"; path = "Pods/Target Support Files/Pods-DrinkWaterTests/Pods-DrinkWaterTests.debug.xcconfig"; sourceTree = "<group>"; };
/* End PBXFileReference section */

/* Begin PBXFrameworksBuildPhase section */
		3A164F9321BBC067007118A8 /* Frameworks */ = {
			isa = PBXFrameworksBuildPhase;
			buildActionMask = 2147483647;
			files = (
				2C7CAF3B23544ABC6DF15B2B /* Pods_DrinkWater.framework in Frameworks */,
			);
			runOnlyForDeploymentPostprocessing = 0;
		};
		3A164FA721BBC067007118A8 /* Frameworks */ = {
			isa = PBXFrameworksBuildPhase;
			buildActionMask = 2147483647;
			files = (
				68E583B8C0117165077D87EB /* Pods_DrinkWaterTests.framework in Frameworks */,
			);
			runOnlyForDeploymentPostprocessing = 0;
		};
		3A164FB221BBC067007118A8 /* Frameworks */ = {
			isa = PBXFrameworksBuildPhase;
			buildActionMask = 2147483647;
			files = (
				C1CB52CE662455D7C3AE6998 /* Pods_DrinkWaterUITests.framework in Frameworks */,
			);
			runOnlyForDeploymentPostprocessing = 0;
		};
/* End PBXFrameworksBuildPhase section */

/* Begin PBXGroup section */
		3A164F8D21BBC067007118A8 = {
			isa = PBXGroup;
			children = (
				3A164F9821BBC067007118A8 /* DrinkWater */,
				3A164FAD21BBC067007118A8 /* DrinkWaterTests */,
				3A164FB821BBC067007118A8 /* DrinkWaterUITests */,
				3AAA5BCC21BD612900194507 /* Frameworks */,
				3A164F9721BBC067007118A8 /* Products */,
				A4C22C6473B4EBB2214DA2E7 /* Pods */,
			);
			sourceTree = "<group>";
		};
		3A164F9721BBC067007118A8 /* Products */ = {
			isa = PBXGroup;
			children = (
				3A164F9621BBC067007118A8 /* DrinkWater.app */,
				3A164FAA21BBC067007118A8 /* DrinkWaterTests.xctest */,
				3A164FB521BBC067007118A8 /* DrinkWaterUITests.xctest */,
			);
			name = Products;
			sourceTree = "<group>";
		};
		3A164F9821BBC067007118A8 /* DrinkWater */ = {
			isa = PBXGroup;
			children = (
				3A164F9921BBC067007118A8 /* AppDelegate.swift */,
				3A164F9B21BBC067007118A8 /* ViewController.swift */,
				3A790E7C21C7DF2F00D5C9AB /* CalendarViewController.swift */,
				3A164FC721BBC941007118A8 /* WaterCourseViewController.swift */,
				3A164FC921BBC97D007118A8 /* DrinkRemindViewController.swift */,
				3A164FCB21BBC9A9007118A8 /* SearchDrinkViewController.swift */,
				3ABB8B3721BF973900534AF2 /* EGImageAnnotionView.swift */,
				3A164FCD21BBD119007118A8 /* DemoNotificationDelegate.swift */,
				3A164F9D21BBC067007118A8 /* Main.storyboard */,
				3A164FA021BBC067007118A8 /* Assets.xcassets */,
				3A164FA221BBC067007118A8 /* LaunchScreen.storyboard */,
				3A164FA521BBC067007118A8 /* Info.plist */,
				3AAA5B7121BC2CF800194507 /* change.swift */,
				3AAA5B7A21BCD6AD00194507 /* CoreDataHelper.swift */,
				3AAA5B7321BCC22D00194507 /* DrinkModel.swift */,
				3AAA5B7C21BCD73800194507 /* WaterModel.xcdatamodeld */,
				3AAA5B7F21BCD83E00194507 /* SetTimeViewController.swift */,
				3AAA5B8121BCDD0700194507 /* RemindCell.swift */,
			);
			path = DrinkWater;
			sourceTree = "<group>";
		};
		3A164FAD21BBC067007118A8 /* DrinkWaterTests */ = {
			isa = PBXGroup;
			children = (
				3A164FAE21BBC067007118A8 /* DrinkWaterTests.swift */,
				3A164FB021BBC067007118A8 /* Info.plist */,
			);
			path = DrinkWaterTests;
			sourceTree = "<group>";
		};
		3A164FB821BBC067007118A8 /* DrinkWaterUITests */ = {
			isa = PBXGroup;
			children = (
				3A164FB921BBC067007118A8 /* DrinkWaterUITests.swift */,
				3A164FBB21BBC067007118A8 /* Info.plist */,
			);
			path = DrinkWaterUITests;
			sourceTree = "<group>";
		};
		3AAA5BCC21BD612900194507 /* Frameworks */ = {
			isa = PBXGroup;
			children = (
				3AAA5BCD21BD612900194507 /* UserNotifications.framework */,
				3AAA5BCF21BD612900194507 /* UserNotificationsUI.framework */,
				34D562187EA03BFA81070C8B /* Pods_DrinkWater.framework */,
				422826ADF694A8A60CE8BA90 /* Pods_DrinkWaterTests.framework */,
				AE05164C4A4E19588BB67B46 /* Pods_DrinkWaterUITests.framework */,
			);
			name = Frameworks;
			sourceTree = "<group>";
		};
		A4C22C6473B4EBB2214DA2E7 /* Pods */ = {
			isa = PBXGroup;
			children = (
				832B011839920862A5F61A69 /* Pods-DrinkWater.debug.xcconfig */,
				8EAFAD894416BBEE3BDAE46C /* Pods-DrinkWater.release.xcconfig */,
				FE723D4C0A4530C4C8A8E8B1 /* Pods-DrinkWaterTests.debug.xcconfig */,
				68A6774AA96D653C1F72A7FB /* Pods-DrinkWaterTests.release.xcconfig */,
				3F8F2FEE48A97FD96A9A1944 /* Pods-DrinkWaterUITests.debug.xcconfig */,
				5D485DC30B61CEAC6E239BCD /* Pods-DrinkWaterUITests.release.xcconfig */,
			);
			name = Pods;
			sourceTree = "<group>";
		};
/* End PBXGroup section */

/* Begin PBXNativeTarget section */
		3A164F9521BBC067007118A8 /* DrinkWater */ = {
			isa = PBXNativeTarget;
			buildConfigurationList = 3A164FBE21BBC067007118A8 /* Build configuration list for PBXNativeTarget "DrinkWater" */;
			buildPhases = (
				504616D2249EC8FDAEDC0BE8 /* [CP] Check Pods Manifest.lock */,
				3A164F9221BBC067007118A8 /* Sources */,
				3A164F9321BBC067007118A8 /* Frameworks */,
				3A164F9421BBC067007118A8 /* Resources */,
				3AAA5BDE21BD612900194507 /* Embed App Extensions */,
				3338A7FDC818007BB6694AE4 /* [CP] Embed Pods Frameworks */,
				3ABB8B8D21C1F6F200534AF2 /* ShellScript */,
			);
			buildRules = (
			);
			dependencies = (
			);
			name = DrinkWater;
			productName = DrinkWater;
			productReference = 3A164F9621BBC067007118A8 /* DrinkWater.app */;
			productType = "com.apple.product-type.application";
		};
		3A164FA921BBC067007118A8 /* DrinkWaterTests */ = {
			isa = PBXNativeTarget;
			buildConfigurationList = 3A164FC121BBC067007118A8 /* Build configuration list for PBXNativeTarget "DrinkWaterTests" */;
			buildPhases = (
				6AC4010B1A3ADDF479AEC696 /* [CP] Check Pods Manifest.lock */,
				3A164FA621BBC067007118A8 /* Sources */,
				3A164FA721BBC067007118A8 /* Frameworks */,
				3A164FA821BBC067007118A8 /* Resources */,
			);
			buildRules = (
			);
			dependencies = (
				3A164FAC21BBC067007118A8 /* PBXTargetDependency */,
			);
			name = DrinkWaterTests;
			productName = DrinkWaterTests;
			productReference = 3A164FAA21BBC067007118A8 /* DrinkWaterTests.xctest */;
			productType = "com.apple.product-type.bundle.unit-test";
		};
		3A164FB421BBC067007118A8 /* DrinkWaterUITests */ = {
			isa = PBXNativeTarget;
			buildConfigurationList = 3A164FC421BBC067007118A8 /* Build configuration list for PBXNativeTarget "DrinkWaterUITests" */;
			buildPhases = (
				E044CF9530819DBF03C3E522 /* [CP] Check Pods Manifest.lock */,
				3A164FB121BBC067007118A8 /* Sources */,
				3A164FB221BBC067007118A8 /* Frameworks */,
				3A164FB321BBC067007118A8 /* Resources */,
			);
			buildRules = (
			);
			dependencies = (
				3A164FB721BBC067007118A8 /* PBXTargetDependency */,
			);
			name = DrinkWaterUITests;
			productName = DrinkWaterUITests;
			productReference = 3A164FB521BBC067007118A8 /* DrinkWaterUITests.xctest */;
			productType = "com.apple.product-type.bundle.ui-testing";
		};
/* End PBXNativeTarget section */

/* Begin PBXProject section */
		3A164F8E21BBC067007118A8 /* Project object */ = {
			isa = PBXProject;
			attributes = {
				LastSwiftUpdateCheck = 1000;
				LastUpgradeCheck = 1000;
				ORGANIZATIONNAME = orange;
				TargetAttributes = {
					3A164F9521BBC067007118A8 = {
						CreatedOnToolsVersion = 10.0;
					};
					3A164FA921BBC067007118A8 = {
						CreatedOnToolsVersion = 10.0;
						TestTargetID = 3A164F9521BBC067007118A8;
					};
					3A164FB421BBC067007118A8 = {
						CreatedOnToolsVersion = 10.0;
						TestTargetID = 3A164F9521BBC067007118A8;
					};
				};
			};
			buildConfigurationList = 3A164F9121BBC067007118A8 /* Build configuration list for PBXProject "DrinkWater" */;
			compatibilityVersion = "Xcode 9.3";
			developmentRegion = en;
			hasScannedForEncodings = 0;
			knownRegions = (
				en,
				Base,
			);
			mainGroup = 3A164F8D21BBC067007118A8;
			productRefGroup = 3A164F9721BBC067007118A8 /* Products */;
			projectDirPath = "";
			projectRoot = "";
			targets = (
				3A164F9521BBC067007118A8 /* DrinkWater */,
				3A164FA921BBC067007118A8 /* DrinkWaterTests */,
				3A164FB421BBC067007118A8 /* DrinkWaterUITests */,
			);
		};
/* End PBXProject section */

/* Begin PBXResourcesBuildPhase section */
		3A164F9421BBC067007118A8 /* Resources */ = {
			isa = PBXResourcesBuildPhase;
			buildActionMask = 2147483647;
			files = (
				3A164FA421BBC067007118A8 /* LaunchScreen.storyboard in Resources */,
				3A164FA121BBC067007118A8 /* Assets.xcassets in Resources */,
				3A164F9F21BBC067007118A8 /* Main.storyboard in Resources */,
			);
			runOnlyForDeploymentPostprocessing = 0;
		};
		3A164FA821BBC067007118A8 /* Resources */ = {
			isa = PBXResourcesBuildPhase;
			buildActionMask = 2147483647;
			files = (
			);
			runOnlyForDeploymentPostprocessing = 0;
		};
		3A164FB321BBC067007118A8 /* Resources */ = {
			isa = PBXResourcesBuildPhase;
			buildActionMask = 2147483647;
			files = (
			);
			runOnlyForDeploymentPostprocessing = 0;
		};
/* End PBXResourcesBuildPhase section */

/* Begin PBXShellScriptBuildPhase section */
		3338A7FDC818007BB6694AE4 /* [CP] Embed Pods Frameworks */ = {
			isa = PBXShellScriptBuildPhase;
			buildActionMask = 2147483647;
			files = (
			);
			inputFileListPaths = (
			);
			inputPaths = (
				"${SRCROOT}/Pods/Target Support Files/Pods-DrinkWater/Pods-DrinkWater-frameworks.sh",
				"${BUILT_PRODUCTS_DIR}/GDataXML-HTML/GDataXML_HTML.framework",
			);
			name = "[CP] Embed Pods Frameworks";
			outputFileListPaths = (
			);
			outputPaths = (
				"${TARGET_BUILD_DIR}/${FRAMEWORKS_FOLDER_PATH}/GDataXML_HTML.framework",
			);
			runOnlyForDeploymentPostprocessing = 0;
			shellPath = /bin/sh;
			shellScript = "\"${SRCROOT}/Pods/Target Support Files/Pods-DrinkWater/Pods-DrinkWater-frameworks.sh\"\n";
			showEnvVarsInLog = 0;
		};
		3ABB8B8D21C1F6F200534AF2 /* ShellScript */ = {
			isa = PBXShellScriptBuildPhase;
			buildActionMask = 2147483647;
			files = (
			);
			inputFileListPaths = (
			);
			inputPaths = (
				"$(BUILT_PRODUCTS_DIR)/$(INFOPLIST_PATH)",
			);
			outputFileListPaths = (
			);
			outputPaths = (
			);
			runOnlyForDeploymentPostprocessing = 0;
			shellPath = /bin/sh;
			shellScript = "\"${PODS_ROOT}/Fabric/run\" 753353372d7ffbb80ab6ea8da8e73fedcfe36634 ec78bdfed0368d9fdc31acb6510b71b071cfdfed8a66be2cda870f1f741daf3b\n";
		};
		504616D2249EC8FDAEDC0BE8 /* [CP] Check Pods Manifest.lock */ = {
			isa = PBXShellScriptBuildPhase;
			buildActionMask = 2147483647;
			files = (
			);
			inputFileListPaths = (
			);
			inputPaths = (
				"${PODS_PODFILE_DIR_PATH}/Podfile.lock",
				"${PODS_ROOT}/Manifest.lock",
			);
			name = "[CP] Check Pods Manifest.lock";
			outputFileListPaths = (
			);
			outputPaths = (
				"$(DERIVED_FILE_DIR)/Pods-DrinkWater-checkManifestLockResult.txt",
			);
			runOnlyForDeploymentPostprocessing = 0;
			shellPath = /bin/sh;
			shellScript = "diff \"${PODS_PODFILE_DIR_PATH}/Podfile.lock\" \"${PODS_ROOT}/Manifest.lock\" > /dev/null\nif [ $? != 0 ] ; then\n    # print error to STDERR\n    echo \"error: The sandbox is not in sync with the Podfile.lock. Run 'pod install' or update your CocoaPods installation.\" >&2\n    exit 1\nfi\n# This output is used by Xcode 'outputs' to avoid re-running this script phase.\necho \"SUCCESS\" > \"${SCRIPT_OUTPUT_FILE_0}\"\n";
			showEnvVarsInLog = 0;
		};
		6AC4010B1A3ADDF479AEC696 /* [CP] Check Pods Manifest.lock */ = {
			isa = PBXShellScriptBuildPhase;
			buildActionMask = 2147483647;
			files = (
			);
			inputFileListPaths = (
			);
			inputPaths = (
				"${PODS_PODFILE_DIR_PATH}/Podfile.lock",
				"${PODS_ROOT}/Manifest.lock",
			);
			name = "[CP] Check Pods Manifest.lock";
			outputFileListPaths = (
			);
			outputPaths = (
				"$(DERIVED_FILE_DIR)/Pods-DrinkWaterTests-checkManifestLockResult.txt",
			);
			runOnlyForDeploymentPostprocessing = 0;
			shellPath = /bin/sh;
			shellScript = "diff \"${PODS_PODFILE_DIR_PATH}/Podfile.lock\" \"${PODS_ROOT}/Manifest.lock\" > /dev/null\nif [ $? != 0 ] ; then\n    # print error to STDERR\n    echo \"error: The sandbox is not in sync with the Podfile.lock. Run 'pod install' or update your CocoaPods installation.\" >&2\n    exit 1\nfi\n# This output is used by Xcode 'outputs' to avoid re-running this script phase.\necho \"SUCCESS\" > \"${SCRIPT_OUTPUT_FILE_0}\"\n";
			showEnvVarsInLog = 0;
		};
		E044CF9530819DBF03C3E522 /* [CP] Check Pods Manifest.lock */ = {
			isa = PBXShellScriptBuildPhase;
			buildActionMask = 2147483647;
			files = (
			);
			inputFileListPaths = (
			);
			inputPaths = (
				"${PODS_PODFILE_DIR_PATH}/Podfile.lock",
				"${PODS_ROOT}/Manifest.lock",
			);
			name = "[CP] Check Pods Manifest.lock";
			outputFileListPaths = (
			);
			outputPaths = (
				"$(DERIVED_FILE_DIR)/Pods-DrinkWaterUITests-checkManifestLockResult.txt",
			);
			runOnlyForDeploymentPostprocessing = 0;
			shellPath = /bin/sh;
			shellScript = "diff \"${PODS_PODFILE_DIR_PATH}/Podfile.lock\" \"${PODS_ROOT}/Manifest.lock\" > /dev/null\nif [ $? != 0 ] ; then\n    # print error to STDERR\n    echo \"error: The sandbox is not in sync with the Podfile.lock. Run 'pod install' or update your CocoaPods installation.\" >&2\n    exit 1\nfi\n# This output is used by Xcode 'outputs' to avoid re-running this script phase.\necho \"SUCCESS\" > \"${SCRIPT_OUTPUT_FILE_0}\"\n";
			showEnvVarsInLog = 0;
		};
/* End PBXShellScriptBuildPhase section */

/* Begin PBXSourcesBuildPhase section */
		3A164F9221BBC067007118A8 /* Sources */ = {
			isa = PBXSourcesBuildPhase;
			buildActionMask = 2147483647;
			files = (
				3AAA5B8021BCD83E00194507 /* SetTimeViewController.swift in Sources */,
				3A164FCE21BBD119007118A8 /* DemoNotificationDelegate.swift in Sources */,
				3A164FCA21BBC97D007118A8 /* DrinkRemindViewController.swift in Sources */,
				3A164FC821BBC941007118A8 /* WaterCourseViewController.swift in Sources */,
				3AAA5B7E21BCD73900194507 /* WaterModel.xcdatamodeld in Sources */,
				3A164F9C21BBC067007118A8 /* ViewController.swift in Sources */,
				3AAA5B7221BC2CF800194507 /* change.swift in Sources */,
				3ABB8B3821BF973900534AF2 /* EGImageAnnotionView.swift in Sources */,
				3A164F9A21BBC067007118A8 /* AppDelegate.swift in Sources */,
				3AAA5B7B21BCD6AD00194507 /* CoreDataHelper.swift in Sources */,
				3A164FCC21BBC9A9007118A8 /* SearchDrinkViewController.swift in Sources */,
				3AAA5B8221BCDD0700194507 /* RemindCell.swift in Sources */,
				3A790E7D21C7DF2F00D5C9AB /* CalendarViewController.swift in Sources */,
				3AAA5B7421BCC22D00194507 /* DrinkModel.swift in Sources */,
			);
			runOnlyForDeploymentPostprocessing = 0;
		};
		3A164FA621BBC067007118A8 /* Sources */ = {
			isa = PBXSourcesBuildPhase;
			buildActionMask = 2147483647;
			files = (
				3A164FAF21BBC067007118A8 /* DrinkWaterTests.swift in Sources */,
			);
			runOnlyForDeploymentPostprocessing = 0;
		};
		3A164FB121BBC067007118A8 /* Sources */ = {
			isa = PBXSourcesBuildPhase;
			buildActionMask = 2147483647;
			files = (
				3A164FBA21BBC067007118A8 /* DrinkWaterUITests.swift in Sources */,
			);
			runOnlyForDeploymentPostprocessing = 0;
		};
/* End PBXSourcesBuildPhase section */

/* Begin PBXTargetDependency section */
		3A164FAC21BBC067007118A8 /* PBXTargetDependency */ = {
			isa = PBXTargetDependency;
			target = 3A164F9521BBC067007118A8 /* DrinkWater */;
			targetProxy = 3A164FAB21BBC067007118A8 /* PBXContainerItemProxy */;
		};
		3A164FB721BBC067007118A8 /* PBXTargetDependency */ = {
			isa = PBXTargetDependency;
			target = 3A164F9521BBC067007118A8 /* DrinkWater */;
			targetProxy = 3A164FB621BBC067007118A8 /* PBXContainerItemProxy */;
		};
/* End PBXTargetDependency section */

/* Begin PBXVariantGroup section */
		3A164F9D21BBC067007118A8 /* Main.storyboard */ = {
			isa = PBXVariantGroup;
			children = (
				3A164F9E21BBC067007118A8 /* Base */,
			);
			name = Main.storyboard;
			sourceTree = "<group>";
		};
		3A164FA221BBC067007118A8 /* LaunchScreen.storyboard */ = {
			isa = PBXVariantGroup;
			children = (
				3A164FA321BBC067007118A8 /* Base */,
			);
			name = LaunchScreen.storyboard;
			sourceTree = "<group>";
		};
/* End PBXVariantGroup section */

/* Begin XCBuildConfiguration section */
		3A164FBC21BBC067007118A8 /* Debug */ = {
			isa = XCBuildConfiguration;
			buildSettings = {
				ALWAYS_SEARCH_USER_PATHS = NO;
				CLANG_ANALYZER_NONNULL = YES;
				CLANG_ANALYZER_NUMBER_OBJECT_CONVERSION = YES_AGGRESSIVE;
				CLANG_CXX_LANGUAGE_STANDARD = "gnu++14";
				CLANG_CXX_LIBRARY = "libc++";
				CLANG_ENABLE_MODULES = YES;
				CLANG_ENABLE_OBJC_ARC = YES;
				CLANG_ENABLE_OBJC_WEAK = YES;
				CLANG_WARN_BLOCK_CAPTURE_AUTORELEASING = YES;
				CLANG_WARN_BOOL_CONVERSION = YES;
				CLANG_WARN_COMMA = YES;
				CLANG_WARN_CONSTANT_CONVERSION = YES;
				CLANG_WARN_DEPRECATED_OBJC_IMPLEMENTATIONS = YES;
				CLANG_WARN_DIRECT_OBJC_ISA_USAGE = YES_ERROR;
				CLANG_WARN_DOCUMENTATION_COMMENTS = YES;
				CLANG_WARN_EMPTY_BODY = YES;
				CLANG_WARN_ENUM_CONVERSION = YES;
				CLANG_WARN_INFINITE_RECURSION = YES;
				CLANG_WARN_INT_CONVERSION = YES;
				CLANG_WARN_NON_LITERAL_NULL_CONVERSION = YES;
				CLANG_WARN_OBJC_IMPLICIT_RETAIN_SELF = YES;
				CLANG_WARN_OBJC_LITERAL_CONVERSION = YES;
				CLANG_WARN_OBJC_ROOT_CLASS = YES_ERROR;
				CLANG_WARN_RANGE_LOOP_ANALYSIS = YES;
				CLANG_WARN_STRICT_PROTOTYPES = YES;
				CLANG_WARN_SUSPICIOUS_MOVE = YES;
				CLANG_WARN_UNGUARDED_AVAILABILITY = YES_AGGRESSIVE;
				CLANG_WARN_UNREACHABLE_CODE = YES;
				CLANG_WARN__DUPLICATE_METHOD_MATCH = YES;
				CODE_SIGN_IDENTITY = "iPhone Developer";
				COPY_PHASE_STRIP = NO;
				DEBUG_INFORMATION_FORMAT = dwarf;
				ENABLE_STRICT_OBJC_MSGSEND = YES;
				ENABLE_TESTABILITY = YES;
				GCC_C_LANGUAGE_STANDARD = gnu11;
				GCC_DYNAMIC_NO_PIC = NO;
				GCC_NO_COMMON_BLOCKS = YES;
				GCC_OPTIMIZATION_LEVEL = 0;
				GCC_PREPROCESSOR_DEFINITIONS = (
					"DEBUG=1",
					"$(inherited)",
				);
				GCC_WARN_64_TO_32_BIT_CONVERSION = YES;
				GCC_WARN_ABOUT_RETURN_TYPE = YES_ERROR;
				GCC_WARN_UNDECLARED_SELECTOR = YES;
				GCC_WARN_UNINITIALIZED_AUTOS = YES_AGGRESSIVE;
				GCC_WARN_UNUSED_FUNCTION = YES;
				GCC_WARN_UNUSED_VARIABLE = YES;
				IPHONEOS_DEPLOYMENT_TARGET = 12.0;
				MTL_ENABLE_DEBUG_INFO = INCLUDE_SOURCE;
				MTL_FAST_MATH = YES;
				ONLY_ACTIVE_ARCH = YES;
				SDKROOT = iphoneos;
				SWIFT_ACTIVE_COMPILATION_CONDITIONS = DEBUG;
				SWIFT_OPTIMIZATION_LEVEL = "-Onone";
			};
			name = Debug;
		};
		3A164FBD21BBC067007118A8 /* Release */ = {
			isa = XCBuildConfiguration;
			buildSettings = {
				ALWAYS_SEARCH_USER_PATHS = NO;
				CLANG_ANALYZER_NONNULL = YES;
				CLANG_ANALYZER_NUMBER_OBJECT_CONVERSION = YES_AGGRESSIVE;
				CLANG_CXX_LANGUAGE_STANDARD = "gnu++14";
				CLANG_CXX_LIBRARY = "libc++";
				CLANG_ENABLE_MODULES = YES;
				CLANG_ENABLE_OBJC_ARC = YES;
				CLANG_ENABLE_OBJC_WEAK = YES;
				CLANG_WARN_BLOCK_CAPTURE_AUTORELEASING = YES;
				CLANG_WARN_BOOL_CONVERSION = YES;
				CLANG_WARN_COMMA = YES;
				CLANG_WARN_CONSTANT_CONVERSION = YES;
				CLANG_WARN_DEPRECATED_OBJC_IMPLEMENTATIONS = YES;
				CLANG_WARN_DIRECT_OBJC_ISA_USAGE = YES_ERROR;
				CLANG_WARN_DOCUMENTATION_COMMENTS = YES;
				CLANG_WARN_EMPTY_BODY = YES;
				CLANG_WARN_ENUM_CONVERSION = YES;
				CLANG_WARN_INFINITE_RECURSION = YES;
				CLANG_WARN_INT_CONVERSION = YES;
				CLANG_WARN_NON_LITERAL_NULL_CONVERSION = YES;
				CLANG_WARN_OBJC_IMPLICIT_RETAIN_SELF = YES;
				CLANG_WARN_OBJC_LITERAL_CONVERSION = YES;
				CLANG_WARN_OBJC_ROOT_CLASS = YES_ERROR;
				CLANG_WARN_RANGE_LOOP_ANALYSIS = YES;
				CLANG_WARN_STRICT_PROTOTYPES = YES;
				CLANG_WARN_SUSPICIOUS_MOVE = YES;
				CLANG_WARN_UNGUARDED_AVAILABILITY = YES_AGGRESSIVE;
				CLANG_WARN_UNREACHABLE_CODE = YES;
				CLANG_WARN__DUPLICATE_METHOD_MATCH = YES;
				CODE_SIGN_IDENTITY = "iPhone Developer";
				COPY_PHASE_STRIP = NO;
				DEBUG_INFORMATION_FORMAT = "dwarf-with-dsym";
				ENABLE_NS_ASSERTIONS = NO;
				ENABLE_STRICT_OBJC_MSGSEND = YES;
				GCC_C_LANGUAGE_STANDARD = gnu11;
				GCC_NO_COMMON_BLOCKS = YES;
				GCC_WARN_64_TO_32_BIT_CONVERSION = YES;
				GCC_WARN_ABOUT_RETURN_TYPE = YES_ERROR;
				GCC_WARN_UNDECLARED_SELECTOR = YES;
				GCC_WARN_UNINITIALIZED_AUTOS = YES_AGGRESSIVE;
				GCC_WARN_UNUSED_FUNCTION = YES;
				GCC_WARN_UNUSED_VARIABLE = YES;
				IPHONEOS_DEPLOYMENT_TARGET = 12.0;
				MTL_ENABLE_DEBUG_INFO = NO;
				MTL_FAST_MATH = YES;
				SDKROOT = iphoneos;
				SWIFT_COMPILATION_MODE = wholemodule;
				SWIFT_OPTIMIZATION_LEVEL = "-O";
				VALIDATE_PRODUCT = YES;
			};
			name = Release;
		};
		3A164FBF21BBC067007118A8 /* Debug */ = {
			isa = XCBuildConfiguration;
			baseConfigurationReference = 832B011839920862A5F61A69 /* Pods-DrinkWater.debug.xcconfig */;
			buildSettings = {
				ASSETCATALOG_COMPILER_APPICON_NAME = AppIcon;
				CODE_SIGN_STYLE = Automatic;
				DEBUG_INFORMATION_FORMAT = "dwarf-with-dsym";
				DEVELOPMENT_TEAM = 9VZ63GX87W;
				INFOPLIST_FILE = DrinkWater/Info.plist;
				LD_RUNPATH_SEARCH_PATHS = (
					"$(inherited)",
					"@executable_path/Frameworks",
				);
				PRODUCT_BUNDLE_IDENTIFIER = orange.DrinkWater;
				PRODUCT_NAME = "$(TARGET_NAME)";
				SWIFT_VERSION = 4.2;
				TARGETED_DEVICE_FAMILY = "1,2";
			};
			name = Debug;
		};
		3A164FC021BBC067007118A8 /* Release */ = {
			isa = XCBuildConfiguration;
			baseConfigurationReference = 8EAFAD894416BBEE3BDAE46C /* Pods-DrinkWater.release.xcconfig */;
			buildSettings = {
				ASSETCATALOG_COMPILER_APPICON_NAME = AppIcon;
				CODE_SIGN_STYLE = Automatic;
				DEVELOPMENT_TEAM = 9VZ63GX87W;
				INFOPLIST_FILE = DrinkWater/Info.plist;
				LD_RUNPATH_SEARCH_PATHS = (
					"$(inherited)",
					"@executable_path/Frameworks",
				);
				PRODUCT_BUNDLE_IDENTIFIER = orange.DrinkWater;
				PRODUCT_NAME = "$(TARGET_NAME)";
				SWIFT_VERSION = 4.2;
				TARGETED_DEVICE_FAMILY = "1,2";
			};
			name = Release;
		};
		3A164FC221BBC067007118A8 /* Debug */ = {
			isa = XCBuildConfiguration;
			baseConfigurationReference = FE723D4C0A4530C4C8A8E8B1 /* Pods-DrinkWaterTests.debug.xcconfig */;
			buildSettings = {
				ALWAYS_EMBED_SWIFT_STANDARD_LIBRARIES = YES;
				BUNDLE_LOADER = "$(TEST_HOST)";
				CODE_SIGN_STYLE = Automatic;
				INFOPLIST_FILE = DrinkWaterTests/Info.plist;
				LD_RUNPATH_SEARCH_PATHS = (
					"$(inherited)",
					"@executable_path/Frameworks",
					"@loader_path/Frameworks",
				);
				PRODUCT_BUNDLE_IDENTIFIER = orange.DrinkWaterTests;
				PRODUCT_NAME = "$(TARGET_NAME)";
				SWIFT_VERSION = 4.2;
				TARGETED_DEVICE_FAMILY = "1,2";
				TEST_HOST = "$(BUILT_PRODUCTS_DIR)/DrinkWater.app/DrinkWater";
			};
			name = Debug;
		};
		3A164FC321BBC067007118A8 /* Release */ = {
			isa = XCBuildConfiguration;
			baseConfigurationReference = 68A6774AA96D653C1F72A7FB /* Pods-DrinkWaterTests.release.xcconfig */;
			buildSettings = {
				ALWAYS_EMBED_SWIFT_STANDARD_LIBRARIES = YES;
				BUNDLE_LOADER = "$(TEST_HOST)";
				CODE_SIGN_STYLE = Automatic;
				INFOPLIST_FILE = DrinkWaterTests/Info.plist;
				LD_RUNPATH_SEARCH_PATHS = (
					"$(inherited)",
					"@executable_path/Frameworks",
					"@loader_path/Frameworks",
				);
				PRODUCT_BUNDLE_IDENTIFIER = orange.DrinkWaterTests;
				PRODUCT_NAME = "$(TARGET_NAME)";
				SWIFT_VERSION = 4.2;
				TARGETED_DEVICE_FAMILY = "1,2";
				TEST_HOST = "$(BUILT_PRODUCTS_DIR)/DrinkWater.app/DrinkWater";
			};
			name = Release;
		};
		3A164FC521BBC067007118A8 /* Debug */ = {
			isa = XCBuildConfiguration;
			baseConfigurationReference = 3F8F2FEE48A97FD96A9A1944 /* Pods-DrinkWaterUITests.debug.xcconfig */;
			buildSettings = {
				ALWAYS_EMBED_SWIFT_STANDARD_LIBRARIES = YES;
				CODE_SIGN_STYLE = Automatic;
				INFOPLIST_FILE = DrinkWaterUITests/Info.plist;
				LD_RUNPATH_SEARCH_PATHS = (
					"$(inherited)",
					"@executable_path/Frameworks",
					"@loader_path/Frameworks",
				);
				PRODUCT_BUNDLE_IDENTIFIER = orange.DrinkWaterUITests;
				PRODUCT_NAME = "$(TARGET_NAME)";
				SWIFT_VERSION = 4.2;
				TARGETED_DEVICE_FAMILY = "1,2";
				TEST_TARGET_NAME = DrinkWater;
			};
			name = Debug;
		};
		3A164FC621BBC067007118A8 /* Release */ = {
			isa = XCBuildConfiguration;
			baseConfigurationReference = 5D485DC30B61CEAC6E239BCD /* Pods-DrinkWaterUITests.release.xcconfig */;
			buildSettings = {
				ALWAYS_EMBED_SWIFT_STANDARD_LIBRARIES = YES;
				CODE_SIGN_STYLE = Automatic;
				INFOPLIST_FILE = DrinkWaterUITests/Info.plist;
				LD_RUNPATH_SEARCH_PATHS = (
					"$(inherited)",
					"@executable_path/Frameworks",
					"@loader_path/Frameworks",
				);
				PRODUCT_BUNDLE_IDENTIFIER = orange.DrinkWaterUITests;
				PRODUCT_NAME = "$(TARGET_NAME)";
				SWIFT_VERSION = 4.2;
				TARGETED_DEVICE_FAMILY = "1,2";
				TEST_TARGET_NAME = DrinkWater;
			};
			name = Release;
		};
/* End XCBuildConfiguration section */

/* Begin XCConfigurationList section */
		3A164F9121BBC067007118A8 /* Build configuration list for PBXProject "DrinkWater" */ = {
			isa = XCConfigurationList;
			buildConfigurations = (
				3A164FBC21BBC067007118A8 /* Debug */,
				3A164FBD21BBC067007118A8 /* Release */,
			);
			defaultConfigurationIsVisible = 0;
			defaultConfigurationName = Release;
		};
		3A164FBE21BBC067007118A8 /* Build configuration list for PBXNativeTarget "DrinkWater" */ = {
			isa = XCConfigurationList;
			buildConfigurations = (
				3A164FBF21BBC067007118A8 /* Debug */,
				3A164FC021BBC067007118A8 /* Release */,
			);
			defaultConfigurationIsVisible = 0;
			defaultConfigurationName = Release;
		};
		3A164FC121BBC067007118A8 /* Build configuration list for PBXNativeTarget "DrinkWaterTests" */ = {
			isa = XCConfigurationList;
			buildConfigurations = (
				3A164FC221BBC067007118A8 /* Debug */,
				3A164FC321BBC067007118A8 /* Release */,
			);
			defaultConfigurationIsVisible = 0;
			defaultConfigurationName = Release;
		};
		3A164FC421BBC067007118A8 /* Build configuration list for PBXNativeTarget "DrinkWaterUITests" */ = {
			isa = XCConfigurationList;
			buildConfigurations = (
				3A164FC521BBC067007118A8 /* Debug */,
				3A164FC621BBC067007118A8 /* Release */,
			);
			defaultConfigurationIsVisible = 0;
			defaultConfigurationName = Release;
		};
/* End XCConfigurationList section */

/* Begin XCVersionGroup section */
		3AAA5B7C21BCD73800194507 /* WaterModel.xcdatamodeld */ = {
			isa = XCVersionGroup;
			children = (
				3AAA5B7D21BCD73800194507 /* WaterModel.xcdatamodel */,
			);
			currentVersion = 3AAA5B7D21BCD73800194507 /* WaterModel.xcdatamodel */;
			path = WaterModel.xcdatamodeld;
			sourceTree = "<group>";
			versionGroupType = wrapper.xcdatamodel;
		};
/* End XCVersionGroup section */
	};
	rootObject = 3A164F8E21BBC067007118A8 /* Project object */;
}
